// !$*UTF8*$!
{
	archiveVersion = 1;
	classes = {
	};
	objectVersion = 46;
	objects = {

/* Begin PBXBuildFile section */
		01E5EAFD16E0ED6F002A699B /* UIKit.framework in Frameworks */ = {isa = PBXBuildFile; fileRef = 01E5EAFC16E0ED6F002A699B /* UIKit.framework */; };
		01E5EAFF16E0ED6F002A699B /* Foundation.framework in Frameworks */ = {isa = PBXBuildFile; fileRef = 01E5EAFE16E0ED6F002A699B /* Foundation.framework */; };
		01E5EB0116E0ED6F002A699B /* CoreGraphics.framework in Frameworks */ = {isa = PBXBuildFile; fileRef = 01E5EB0016E0ED6F002A699B /* CoreGraphics.framework */; };
		01E5EB0716E0ED6F002A699B /* InfoPlist.strings in Resources */ = {isa = PBXBuildFile; fileRef = 01E5EB0516E0ED6F002A699B /* InfoPlist.strings */; };
		01E5EB0916E0ED6F002A699B /* main.m in Sources */ = {isa = PBXBuildFile; fileRef = 01E5EB0816E0ED6F002A699B /* main.m */; };
		01E5EB0D16E0ED6F002A699B /* KVAppDelegate.m in Sources */ = {isa = PBXBuildFile; fileRef = 01E5EB0C16E0ED6F002A699B /* KVAppDelegate.m */; };
		01E5EB0F16E0ED6F002A699B /* Default.png in Resources */ = {isa = PBXBuildFile; fileRef = 01E5EB0E16E0ED6F002A699B /* Default.png */; };
		01E5EB1116E0ED6F002A699B /* Default@2x.png in Resources */ = {isa = PBXBuildFile; fileRef = 01E5EB1016E0ED6F002A699B /* Default@2x.png */; };
		01E5EB1316E0ED6F002A699B /* Default-568h@2x.png in Resources */ = {isa = PBXBuildFile; fileRef = 01E5EB1216E0ED6F002A699B /* Default-568h@2x.png */; };
		01E5EB1A16E0F08B002A699B /* 20130301223845101_0.PNG in Resources */ = {isa = PBXBuildFile; fileRef = 01E5EB1916E0F08B002A699B /* 20130301223845101_0.PNG */; };
		01E5EB1E16E0F1A2002A699B /* KVUserLoginController.m in Sources */ = {isa = PBXBuildFile; fileRef = 01E5EB1C16E0F1A2002A699B /* KVUserLoginController.m */; };
		01E5EB1F16E0F1A2002A699B /* KVUserLoginController.xib in Resources */ = {isa = PBXBuildFile; fileRef = 01E5EB1D16E0F1A2002A699B /* KVUserLoginController.xib */; };
		01E5EBB816E4A4CA002A699B /* KVMainMenuViewController.m in Sources */ = {isa = PBXBuildFile; fileRef = 01E5EBB616E4A4CA002A699B /* KVMainMenuViewController.m */; };
		01E5EBB916E4A4CA002A699B /* KVMainMenuViewController.xib in Resources */ = {isa = PBXBuildFile; fileRef = 01E5EBB716E4A4CA002A699B /* KVMainMenuViewController.xib */; };
		8BA5546616EC5219009EF00C /* KVIntroduceViewController.m in Sources */ = {isa = PBXBuildFile; fileRef = 8BA5546416EC5219009EF00C /* KVIntroduceViewController.m */; };
		8BA5546716EC5219009EF00C /* KVIntroduceViewController.xib in Resources */ = {isa = PBXBuildFile; fileRef = 8BA5546516EC5219009EF00C /* KVIntroduceViewController.xib */; };
		8BA5546D16EC6133009EF00C /* bg.png in Resources */ = {isa = PBXBuildFile; fileRef = 8BA5546C16EC6133009EF00C /* bg.png */; };
		8BA5547316EC6750009EF00C /* KVBlogListViewController.m in Sources */ = {isa = PBXBuildFile; fileRef = 8BA5547216EC6750009EF00C /* KVBlogListViewController.m */; };
		8BA5547616EC6946009EF00C /* KVBlog.m in Sources */ = {isa = PBXBuildFile; fileRef = 8BA5547516EC6946009EF00C /* KVBlog.m */; };
		8BA5547D16EC76FA009EF00C /* KVBlogDetailViewController.m in Sources */ = {isa = PBXBuildFile; fileRef = 8BA5547C16EC76FA009EF00C /* KVBlogDetailViewController.m */; };
		8BA5547F16EC78D8009EF00C /* KVBlogDetailViewController.xib in Resources */ = {isa = PBXBuildFile; fileRef = 8BA5547E16EC78D8009EF00C /* KVBlogDetailViewController.xib */; };
/* End PBXBuildFile section */

/* Begin PBXFileReference section */
		01BEBE3C16E7864200FC4D4B /* KVSayGoodBye.h */ = {isa = PBXFileReference; fileEncoding = 4; lastKnownFileType = sourcecode.c.h; path = KVSayGoodBye.h; sourceTree = "<group>"; };
		01E5EAF916E0ED6F002A699B /* Share Me.app */ = {isa = PBXFileReference; explicitFileType = wrapper.application; includeInIndex = 0; path = "Share Me.app"; sourceTree = BUILT_PRODUCTS_DIR; };
		01E5EAFC16E0ED6F002A699B /* UIKit.framework */ = {isa = PBXFileReference; lastKnownFileType = wrapper.framework; name = UIKit.framework; path = System/Library/Frameworks/UIKit.framework; sourceTree = SDKROOT; };
		01E5EAFE16E0ED6F002A699B /* Foundation.framework */ = {isa = PBXFileReference; lastKnownFileType = wrapper.framework; name = Foundation.framework; path = System/Library/Frameworks/Foundation.framework; sourceTree = SDKROOT; };
		01E5EB0016E0ED6F002A699B /* CoreGraphics.framework */ = {isa = PBXFileReference; lastKnownFileType = wrapper.framework; name = CoreGraphics.framework; path = System/Library/Frameworks/CoreGraphics.framework; sourceTree = SDKROOT; };
		01E5EB0416E0ED6F002A699B /* Share Me-Info.plist */ = {isa = PBXFileReference; lastKnownFileType = text.plist.xml; path = "Share Me-Info.plist"; sourceTree = "<group>"; };
		01E5EB0616E0ED6F002A699B /* en */ = {isa = PBXFileReference; lastKnownFileType = text.plist.strings; name = en; path = en.lproj/InfoPlist.strings; sourceTree = "<group>"; };
		01E5EB0816E0ED6F002A699B /* main.m */ = {isa = PBXFileReference; lastKnownFileType = sourcecode.c.objc; path = main.m; sourceTree = "<group>"; };
		01E5EB0A16E0ED6F002A699B /* Share Me-Prefix.pch */ = {isa = PBXFileReference; lastKnownFileType = sourcecode.c.h; path = "Share Me-Prefix.pch"; sourceTree = "<group>"; };
		01E5EB0B16E0ED6F002A699B /* KVAppDelegate.h */ = {isa = PBXFileReference; lastKnownFileType = sourcecode.c.h; path = KVAppDelegate.h; sourceTree = "<group>"; };
		01E5EB0C16E0ED6F002A699B /* KVAppDelegate.m */ = {isa = PBXFileReference; lastKnownFileType = sourcecode.c.objc; path = KVAppDelegate.m; sourceTree = "<group>"; };
		01E5EB0E16E0ED6F002A699B /* Default.png */ = {isa = PBXFileReference; lastKnownFileType = image.png; path = Default.png; sourceTree = "<group>"; };
		01E5EB1016E0ED6F002A699B /* Default@2x.png */ = {isa = PBXFileReference; lastKnownFileType = image.png; path = "Default@2x.png"; sourceTree = "<group>"; };
		01E5EB1216E0ED6F002A699B /* Default-568h@2x.png */ = {isa = PBXFileReference; lastKnownFileType = image.png; path = "Default-568h@2x.png"; sourceTree = "<group>"; };
		01E5EB1916E0F08B002A699B /* 20130301223845101_0.PNG */ = {isa = PBXFileReference; lastKnownFileType = image.png; path = 20130301223845101_0.PNG; sourceTree = "<group>"; };
		01E5EB1B16E0F1A2002A699B /* KVUserLoginController.h */ = {isa = PBXFileReference; fileEncoding = 4; lastKnownFileType = sourcecode.c.h; path = KVUserLoginController.h; sourceTree = "<group>"; };
		01E5EB1C16E0F1A2002A699B /* KVUserLoginController.m */ = {isa = PBXFileReference; fileEncoding = 4; lastKnownFileType = sourcecode.c.objc; path = KVUserLoginController.m; sourceTree = "<group>"; };
		01E5EB1D16E0F1A2002A699B /* KVUserLoginController.xib */ = {isa = PBXFileReference; fileEncoding = 4; lastKnownFileType = file.xib; path = KVUserLoginController.xib; sourceTree = "<group>"; };
		01E5EBB516E4A4CA002A699B /* KVMainMenuViewController.h */ = {isa = PBXFileReference; fileEncoding = 4; lastKnownFileType = sourcecode.c.h; path = KVMainMenuViewController.h; sourceTree = "<group>"; };
		01E5EBB616E4A4CA002A699B /* KVMainMenuViewController.m */ = {isa = PBXFileReference; fileEncoding = 4; lastKnownFileType = sourcecode.c.objc; path = KVMainMenuViewController.m; sourceTree = "<group>"; };
		01E5EBB716E4A4CA002A699B /* KVMainMenuViewController.xib */ = {isa = PBXFileReference; fileEncoding = 4; lastKnownFileType = file.xib; path = KVMainMenuViewController.xib; sourceTree = "<group>"; };
		8BA5546316EC5219009EF00C /* KVIntroduceViewController.h */ = {isa = PBXFileReference; fileEncoding = 4; lastKnownFileType = sourcecode.c.h; path = KVIntroduceViewController.h; sourceTree = "<group>"; };
		8BA5546416EC5219009EF00C /* KVIntroduceViewController.m */ = {isa = PBXFileReference; fileEncoding = 4; lastKnownFileType = sourcecode.c.objc; path = KVIntroduceViewController.m; sourceTree = "<group>"; };
		8BA5546516EC5219009EF00C /* KVIntroduceViewController.xib */ = {isa = PBXFileReference; fileEncoding = 4; lastKnownFileType = file.xib; path = KVIntroduceViewController.xib; sourceTree = "<group>"; };
		8BA5546C16EC6133009EF00C /* bg.png */ = {isa = PBXFileReference; lastKnownFileType = image.png; path = bg.png; sourceTree = "<group>"; };
		8BA5547116EC6750009EF00C /* KVBlogListViewController.h */ = {isa = PBXFileReference; fileEncoding = 4; lastKnownFileType = sourcecode.c.h; path = KVBlogListViewController.h; sourceTree = "<group>"; };
		8BA5547216EC6750009EF00C /* KVBlogListViewController.m */ = {isa = PBXFileReference; fileEncoding = 4; lastKnownFileType = sourcecode.c.objc; path = KVBlogListViewController.m; sourceTree = "<group>"; };
		8BA5547416EC6946009EF00C /* KVBlog.h */ = {isa = PBXFileReference; fileEncoding = 4; lastKnownFileType = sourcecode.c.h; path = KVBlog.h; sourceTree = "<group>"; };
		8BA5547516EC6946009EF00C /* KVBlog.m */ = {isa = PBXFileReference; fileEncoding = 4; lastKnownFileType = sourcecode.c.objc; path = KVBlog.m; sourceTree = "<group>"; };
		8BA5547B16EC76FA009EF00C /* KVBlogDetailViewController.h */ = {isa = PBXFileReference; fileEncoding = 4; lastKnownFileType = sourcecode.c.h; path = KVBlogDetailViewController.h; sourceTree = "<group>"; };
		8BA5547C16EC76FA009EF00C /* KVBlogDetailViewController.m */ = {isa = PBXFileReference; fileEncoding = 4; lastKnownFileType = sourcecode.c.objc; path = KVBlogDetailViewController.m; sourceTree = "<group>"; };
		8BA5547E16EC78D8009EF00C /* KVBlogDetailViewController.xib */ = {isa = PBXFileReference; fileEncoding = 4; lastKnownFileType = file.xib; path = KVBlogDetailViewController.xib; sourceTree = "<group>"; };
/* End PBXFileReference section */

/* Begin PBXFrameworksBuildPhase section */
		01E5EAF616E0ED6F002A699B /* Frameworks */ = {
			isa = PBXFrameworksBuildPhase;
			buildActionMask = 2147483647;
			files = (
				01E5EAFD16E0ED6F002A699B /* UIKit.framework in Frameworks */,
				01E5EAFF16E0ED6F002A699B /* Foundation.framework in Frameworks */,
				01E5EB0116E0ED6F002A699B /* CoreGraphics.framework in Frameworks */,
			);
			runOnlyForDeploymentPostprocessing = 0;
		};
/* End PBXFrameworksBuildPhase section */

/* Begin PBXGroup section */
		01E5EAF016E0ED6F002A699B = {
			isa = PBXGroup;
			children = (
				01E5EB1916E0F08B002A699B /* 20130301223845101_0.PNG */,
				01E5EB0216E0ED6F002A699B /* Share Me */,
				01E5EAFB16E0ED6F002A699B /* Frameworks */,
				01E5EAFA16E0ED6F002A699B /* Products */,
			);
			sourceTree = "<group>";
		};
		01E5EAFA16E0ED6F002A699B /* Products */ = {
			isa = PBXGroup;
			children = (
				01E5EAF916E0ED6F002A699B /* Share Me.app */,
			);
			name = Products;
			sourceTree = "<group>";
		};
		01E5EAFB16E0ED6F002A699B /* Frameworks */ = {
			isa = PBXGroup;
			children = (
				01E5EAFC16E0ED6F002A699B /* UIKit.framework */,
				01E5EAFE16E0ED6F002A699B /* Foundation.framework */,
				01E5EB0016E0ED6F002A699B /* CoreGraphics.framework */,
			);
			name = Frameworks;
			sourceTree = "<group>";
		};
		01E5EB0216E0ED6F002A699B /* Share Me */ = {
			isa = PBXGroup;
			children = (
				01E5EBB316E4A218002A699B /* Controller */,
				01E5EB0B16E0ED6F002A699B /* KVAppDelegate.h */,
				01E5EB0C16E0ED6F002A699B /* KVAppDelegate.m */,
				8BA5547416EC6946009EF00C /* KVBlog.h */,
				8BA5547516EC6946009EF00C /* KVBlog.m */,
				8BA5547B16EC76FA009EF00C /* KVBlogDetailViewController.h */,
				8BA5547C16EC76FA009EF00C /* KVBlogDetailViewController.m */,
				8BA5547E16EC78D8009EF00C /* KVBlogDetailViewController.xib */,
				8BA5547116EC6750009EF00C /* KVBlogListViewController.h */,
				8BA5547216EC6750009EF00C /* KVBlogListViewController.m */,
				8BA5546316EC5219009EF00C /* KVIntroduceViewController.h */,
				8BA5546416EC5219009EF00C /* KVIntroduceViewController.m */,
				8BA5546516EC5219009EF00C /* KVIntroduceViewController.xib */,
				01E5EBB516E4A4CA002A699B /* KVMainMenuViewController.h */,
				01E5EBB616E4A4CA002A699B /* KVMainMenuViewController.m */,
				01E5EBB716E4A4CA002A699B /* KVMainMenuViewController.xib */,
				01BEBE3C16E7864200FC4D4B /* KVSayGoodBye.h */,
				01E5EB1B16E0F1A2002A699B /* KVUserLoginController.h */,
				01E5EB1C16E0F1A2002A699B /* KVUserLoginController.m */,
				01E5EB1D16E0F1A2002A699B /* KVUserLoginController.xib */,
				01E5EB0316E0ED6F002A699B /* Supporting Files */,
				01E5EBB416E4A222002A699B /* View */,
			);
			path = "Share Me";
			sourceTree = "<group>";
		};
		01E5EB0316E0ED6F002A699B /* Supporting Files */ = {
			isa = PBXGroup;
			children = (
				8BA5546C16EC6133009EF00C /* bg.png */,
				01E5EB0416E0ED6F002A699B /* Share Me-Info.plist */,
				01E5EB0516E0ED6F002A699B /* InfoPlist.strings */,
				01E5EB0816E0ED6F002A699B /* main.m */,
				01E5EB0A16E0ED6F002A699B /* Share Me-Prefix.pch */,
				01E5EB0E16E0ED6F002A699B /* Default.png */,
				01E5EB1016E0ED6F002A699B /* Default@2x.png */,
				01E5EB1216E0ED6F002A699B /* Default-568h@2x.png */,
			);
			name = "Supporting Files";
			sourceTree = "<group>";
		};
		01E5EBB316E4A218002A699B /* Controller */ = {
			isa = PBXGroup;
			children = (
			);
			name = Controller;
			sourceTree = "<group>";
		};
		01E5EBB416E4A222002A699B /* View */ = {
			isa = PBXGroup;
			children = (
			);
			name = View;
			sourceTree = "<group>";
		};
/* End PBXGroup section */

/* Begin PBXNativeTarget section */
		01E5EAF816E0ED6F002A699B /* Share Me */ = {
			isa = PBXNativeTarget;
			buildConfigurationList = 01E5EB1616E0ED6F002A699B /* Build configuration list for PBXNativeTarget "Share Me" */;
			buildPhases = (
				01E5EAF516E0ED6F002A699B /* Sources */,
				01E5EAF616E0ED6F002A699B /* Frameworks */,
				01E5EAF716E0ED6F002A699B /* Resources */,
			);
			buildRules = (
			);
			dependencies = (
			);
			name = "Share Me";
			productName = "Share Me";
			productReference = 01E5EAF916E0ED6F002A699B /* Share Me.app */;
			productType = "com.apple.product-type.application";
		};
/* End PBXNativeTarget section */

/* Begin PBXProject section */
		01E5EAF116E0ED6F002A699B /* Project object */ = {
			isa = PBXProject;
			attributes = {
				CLASSPREFIX = KV;
				LastUpgradeCheck = 0460;
				ORGANIZATIONNAME = "孟 智";
			};
			buildConfigurationList = 01E5EAF416E0ED6F002A699B /* Build configuration list for PBXProject "Share Me" */;
			compatibilityVersion = "Xcode 3.2";
			developmentRegion = English;
			hasScannedForEncodings = 0;
			knownRegions = (
				en,
			);
			mainGroup = 01E5EAF016E0ED6F002A699B;
			productRefGroup = 01E5EAFA16E0ED6F002A699B /* Products */;
			projectDirPath = "";
			projectRoot = "";
			targets = (
				01E5EAF816E0ED6F002A699B /* Share Me */,
			);
		};
/* End PBXProject section */

/* Begin PBXResourcesBuildPhase section */
		01E5EAF716E0ED6F002A699B /* Resources */ = {
			isa = PBXResourcesBuildPhase;
			buildActionMask = 2147483647;
			files = (
				01E5EB0716E0ED6F002A699B /* InfoPlist.strings in Resources */,
				01E5EB0F16E0ED6F002A699B /* Default.png in Resources */,
				01E5EB1116E0ED6F002A699B /* Default@2x.png in Resources */,
				01E5EB1316E0ED6F002A699B /* Default-568h@2x.png in Resources */,
				01E5EB1A16E0F08B002A699B /* 20130301223845101_0.PNG in Resources */,
				01E5EB1F16E0F1A2002A699B /* KVUserLoginController.xib in Resources */,
				01E5EBB916E4A4CA002A699B /* KVMainMenuViewController.xib in Resources */,
				8BA5546716EC5219009EF00C /* KVIntroduceViewController.xib in Resources */,
				8BA5546D16EC6133009EF00C /* bg.png in Resources */,
				8BA5547F16EC78D8009EF00C /* KVBlogDetailViewController.xib in Resources */,
			);
			runOnlyForDeploymentPostprocessing = 0;
		};
/* End PBXResourcesBuildPhase section */

/* Begin PBXSourcesBuildPhase section */
		01E5EAF516E0ED6F002A699B /* Sources */ = {
			isa = PBXSourcesBuildPhase;
			buildActionMask = 2147483647;
			files = (
				01E5EB0916E0ED6F002A699B /* main.m in Sources */,
				01E5EB0D16E0ED6F002A699B /* KVAppDelegate.m in Sources */,
				01E5EB1E16E0F1A2002A699B /* KVUserLoginController.m in Sources */,
				01E5EBB816E4A4CA002A699B /* KVMainMenuViewController.m in Sources */,
				8BA5546616EC5219009EF00C /* KVIntroduceViewController.m in Sources */,
				8BA5547316EC6750009EF00C /* KVBlogListViewController.m in Sources */,
				8BA5547616EC6946009EF00C /* KVBlog.m in Sources */,
				8BA5547D16EC76FA009EF00C /* KVBlogDetailViewController.m in Sources */,
			);
			runOnlyForDeploymentPostprocessing = 0;
		};
/* End PBXSourcesBuildPhase section */

/* Begin PBXVariantGroup section */
		01E5EB0516E0ED6F002A699B /* InfoPlist.strings */ = {
			isa = PBXVariantGroup;
			children = (
				01E5EB0616E0ED6F002A699B /* en */,
			);
			name = InfoPlist.strings;
			sourceTree = "<group>";
		};
/* End PBXVariantGroup section */

/* Begin XCBuildConfiguration section */
		01E5EB1416E0ED6F002A699B /* Debug */ = {
			isa = XCBuildConfiguration;
			buildSettings = {
				ALWAYS_SEARCH_USER_PATHS = NO;
				CLANG_CXX_LANGUAGE_STANDARD = "gnu++0x";
				CLANG_CXX_LIBRARY = "libc++";
				CLANG_ENABLE_OBJC_ARC = YES;
				CLANG_WARN_CONSTANT_CONVERSION = YES;
				CLANG_WARN_EMPTY_BODY = YES;
				CLANG_WARN_ENUM_CONVERSION = YES;
				CLANG_WARN_INT_CONVERSION = YES;
				CLANG_WARN__DUPLICATE_METHOD_MATCH = YES;
				"CODE_SIGN_IDENTITY[sdk=iphoneos*]" = "iPhone Developer";
				COPY_PHASE_STRIP = NO;
				GCC_C_LANGUAGE_STANDARD = gnu99;
				GCC_DYNAMIC_NO_PIC = NO;
				GCC_OPTIMIZATION_LEVEL = 0;
				GCC_PREPROCESSOR_DEFINITIONS = (
					"DEBUG=1",
					"$(inherited)",
				);
				GCC_SYMBOLS_PRIVATE_EXTERN = NO;
				GCC_WARN_ABOUT_RETURN_TYPE = YES;
				GCC_WARN_UNINITIALIZED_AUTOS = YES;
				GCC_WARN_UNUSED_VARIABLE = YES;
				IPHONEOS_DEPLOYMENT_TARGET = 6.1;
				ONLY_ACTIVE_ARCH = YES;
				SDKROOT = iphoneos;
			};
			name = Debug;
		};
		01E5EB1516E0ED6F002A699B /* Release */ = {
			isa = XCBuildConfiguration;
			buildSettings = {
				ALWAYS_SEARCH_USER_PATHS = NO;
				CLANG_CXX_LANGUAGE_STANDARD = "gnu++0x";
				CLANG_CXX_LIBRARY = "libc++";
				CLANG_ENABLE_OBJC_ARC = YES;
				CLANG_WARN_CONSTANT_CONVERSION = YES;
				CLANG_WARN_EMPTY_BODY = YES;
				CLANG_WARN_ENUM_CONVERSION = YES;
				CLANG_WARN_INT_CONVERSION = YES;
				CLANG_WARN__DUPLICATE_METHOD_MATCH = YES;
				"CODE_SIGN_IDENTITY[sdk=iphoneos*]" = "iPhone Developer";
				COPY_PHASE_STRIP = YES;
				GCC_C_LANGUAGE_STANDARD = gnu99;
				GCC_WARN_ABOUT_RETURN_TYPE = YES;
				GCC_WARN_UNINITIALIZED_AUTOS = YES;
				GCC_WARN_UNUSED_VARIABLE = YES;
				IPHONEOS_DEPLOYMENT_TARGET = 6.1;
				OTHER_CFLAGS = "-DNS_BLOCK_ASSERTIONS=1";
				SDKROOT = iphoneos;
				VALIDATE_PRODUCT = YES;
			};
			name = Release;
		};
		01E5EB1716E0ED6F002A699B /* Debug */ = {
			isa = XCBuildConfiguration;
			buildSettings = {
				CODE_SIGN_IDENTITY = "iPhone Developer: 智 孟 (8387YNEZG2)";
				GCC_PRECOMPILE_PREFIX_HEADER = YES;
				GCC_PREFIX_HEADER = "Share Me/Share Me-Prefix.pch";
				INFOPLIST_FILE = "Share Me/Share Me-Info.plist";
				PRODUCT_NAME = "$(TARGET_NAME)";
				PROVISIONING_PROFILE = "086E5507-29B5-4DE7-8FD2-AF72D9100881";
				WRAPPER_EXTENSION = app;
			};
			name = Debug;
		};
		01E5EB1816E0ED6F002A699B /* Release */ = {
			isa = XCBuildConfiguration;
			buildSettings = {
				CODE_SIGN_IDENTITY = "iPhone Developer: 智 孟 (8387YNEZG2)";
				GCC_PRECOMPILE_PREFIX_HEADER = YES;
				GCC_PREFIX_HEADER = "Share Me/Share Me-Prefix.pch";
				INFOPLIST_FILE = "Share Me/Share Me-Info.plist";
				PRODUCT_NAME = "$(TARGET_NAME)";
				PROVISIONING_PROFILE = "086E5507-29B5-4DE7-8FD2-AF72D9100881";
				WRAPPER_EXTENSION = app;
			};
			name = Release;
		};
/* End XCBuildConfiguration section */

/* Begin XCConfigurationList section */
		01E5EAF416E0ED6F002A699B /* Build configuration list for PBXProject "Share Me" */ = {
			isa = XCConfigurationList;
			buildConfigurations = (
				01E5EB1416E0ED6F002A699B /* Debug */,
				01E5EB1516E0ED6F002A699B /* Release */,
			);
			defaultConfigurationIsVisible = 0;
			defaultConfigurationName = Release;
		};
		01E5EB1616E0ED6F002A699B /* Build configuration list for PBXNativeTarget "Share Me" */ = {
			isa = XCConfigurationList;
			buildConfigurations = (
				01E5EB1716E0ED6F002A699B /* Debug */,
				01E5EB1816E0ED6F002A699B /* Release */,
			);
			defaultConfigurationIsVisible = 0;
			defaultConfigurationName = Release;
		};
/* End XCConfigurationList section */
	};
	rootObject = 01E5EAF116E0ED6F002A699B /* Project object */;
}
